
Microsoft Visual Studio Solution File, Format Version 12.00
# Visual Studio Version 17
VisualStudioVersion = 17.1.32210.238
MinimumVisualStudioVersion = 10.0.40219.1
Project("{FAE04EC0-301F-11D3-BF4B-00C04F79EFBC}") = "TipCalculator", "TipCalculator\TipCalculator.csproj", "{8C96A87C-677F-4E41-88A1-DBF3C5A45D97}"
EndProject
Project("{FAE04EC0-301F-11D3-BF4B-00C04F79EFBC}") = "Controls.Android", "Controls\Controls.Android\Controls.Android.csproj", "{2B484707-6480-4BAA-89E7-E251276A7D44}"
EndProject
Project("{FAE04EC0-301F-11D3-BF4B-00C04F79EFBC}") = "Controls.iOS", "Controls\Controls.iOS\Controls.iOS.csproj", "{3A6FFE84-EBA6-4E84-8E26-8456983E42DB}"
EndProject
Project("{9A19103F-16F7-4668-BE54-9A1E7A4F7556}") = "Controls", "Controls\Controls\Controls.csproj", "{579FF93F-6754-4B6D-AD78-BD940E7A2D30}"
EndProject
Project("{FAE04EC0-301F-11D3-BF4B-00C04F79EFBC}") = "GruppeList.Android", "GruppeList\GruppeList.Android\GruppeList.Android.csproj", "{71DA69D2-0072-4821-8056-32B49008A685}"
EndProject
Project("{FAE04EC0-301F-11D3-BF4B-00C04F79EFBC}") = "GruppeList.iOS", "GruppeList\GruppeList.iOS\GruppeList.iOS.csproj", "{906FED38-FBD4-4459-9107-2A8796F51D97}"
EndProject
Project("{9A19103F-16F7-4668-BE54-9A1E7A4F7556}") = "GruppeList", "GruppeList\GruppeList\GruppeList.csproj", "{D30F92AB-705F-4742-A213-0EA63B1FE7EC}"
EndProject
Project("{FAE04EC0-301F-11D3-BF4B-00C04F79EFBC}") = "Styles.Android", "Styles\Styles.Android\Styles.Android.csproj", "{7737574B-4AA8-412C-86B6-A8E5D56F2596}"
EndProject
Project("{FAE04EC0-301F-11D3-BF4B-00C04F79EFBC}") = "Styles.iOS", "Styles\Styles.iOS\Styles.iOS.csproj", "{86D35E6E-5D04-4A08-A5E3-A3EB7829E8E7}"
EndProject
Project("{FAE04EC0-301F-11D3-BF4B-00C04F79EFBC}") = "Styles", "Styles\Styles\Styles.csproj", "{738DCA33-1A89-4C2F-BA7B-A4660D7879C2}"
EndProject
Global
	GlobalSection(SolutionConfigurationPlatforms) = preSolution
		Debug|Any CPU = Debug|Any CPU
		Debug|iPhone = Debug|iPhone
		Debug|iPhoneSimulator = Debug|iPhoneSimulator
		Release|Any CPU = Release|Any CPU
		Release|iPhone = Release|iPhone
		Release|iPhoneSimulator = Release|iPhoneSimulator
	EndGlobalSection
	GlobalSection(ProjectConfigurationPlatforms) = postSolution
		{8C96A87C-677F-4E41-88A1-DBF3C5A45D97}.Debug|Any CPU.ActiveCfg = Debug|Any CPU
		{8C96A87C-677F-4E41-88A1-DBF3C5A45D97}.Debug|Any CPU.Build.0 = Debug|Any CPU
		{8C96A87C-677F-4E41-88A1-DBF3C5A45D97}.Debug|Any CPU.Deploy.0 = Debug|Any CPU
		{8C96A87C-677F-4E41-88A1-DBF3C5A45D97}.Debug|iPhone.ActiveCfg = Debug|Any CPU
		{8C96A87C-677F-4E41-88A1-DBF3C5A45D97}.Debug|iPhone.Build.0 = Debug|Any CPU
		{8C96A87C-677F-4E41-88A1-DBF3C5A45D97}.Debug|iPhone.Deploy.0 = Debug|Any CPU
		{8C96A87C-677F-4E41-88A1-DBF3C5A45D97}.Debug|iPhoneSimulator.ActiveCfg = Debug|Any CPU
		{8C96A87C-677F-4E41-88A1-DBF3C5A45D97}.Debug|iPhoneSimulator.Build.0 = Debug|Any CPU
		{8C96A87C-677F-4E41-88A1-DBF3C5A45D97}.Debug|iPhoneSimulator.Deploy.0 = Debug|Any CPU
		{8C96A87C-677F-4E41-88A1-DBF3C5A45D97}.Release|Any CPU.ActiveCfg = Release|Any CPU
		{8C96A87C-677F-4E41-88A1-DBF3C5A45D97}.Release|Any CPU.Build.0 = Release|Any CPU
		{8C96A87C-677F-4E41-88A1-DBF3C5A45D97}.Release|Any CPU.Deploy.0 = Release|Any CPU
		{8C96A87C-677F-4E41-88A1-DBF3C5A45D97}.Release|iPhone.ActiveCfg = Release|Any CPU
		{8C96A87C-677F-4E41-88A1-DBF3C5A45D97}.Release|iPhone.Build.0 = Release|Any CPU
		{8C96A87C-677F-4E41-88A1-DBF3C5A45D97}.Release|iPhone.Deploy.0 = Release|Any CPU
		{8C96A87C-677F-4E41-88A1-DBF3C5A45D97}.Release|iPhoneSimulator.ActiveCfg = Release|Any CPU
		{8C96A87C-677F-4E41-88A1-DBF3C5A45D97}.Release|iPhoneSimulator.Build.0 = Release|Any CPU
		{8C96A87C-677F-4E41-88A1-DBF3C5A45D97}.Release|iPhoneSimulator.Deploy.0 = Release|Any CPU
		{2B484707-6480-4BAA-89E7-E251276A7D44}.Debug|Any CPU.ActiveCfg = Debug|Any CPU
		{2B484707-6480-4BAA-89E7-E251276A7D44}.Debug|Any CPU.Build.0 = Debug|Any CPU
		{2B484707-6480-4BAA-89E7-E251276A7D44}.Debug|Any CPU.Deploy.0 = Debug|Any CPU
		{2B484707-6480-4BAA-89E7-E251276A7D44}.Debug|iPhone.ActiveCfg = Debug|Any CPU
		{2B484707-6480-4BAA-89E7-E251276A7D44}.Debug|iPhone.Build.0 = Debug|Any CPU
		{2B484707-6480-4BAA-89E7-E251276A7D44}.Debug|iPhone.Deploy.0 = Debug|Any CPU
		{2B484707-6480-4BAA-89E7-E251276A7D44}.Debug|iPhoneSimulator.ActiveCfg = Debug|Any CPU
		{2B484707-6480-4BAA-89E7-E251276A7D44}.Debug|iPhoneSimulator.Build.0 = Debug|Any CPU
		{2B484707-6480-4BAA-89E7-E251276A7D44}.Debug|iPhoneSimulator.Deploy.0 = Debug|Any CPU
		{2B484707-6480-4BAA-89E7-E251276A7D44}.Release|Any CPU.ActiveCfg = Release|Any CPU
		{2B484707-6480-4BAA-89E7-E251276A7D44}.Release|Any CPU.Build.0 = Release|Any CPU
		{2B484707-6480-4BAA-89E7-E251276A7D44}.Release|Any CPU.Deploy.0 = Release|Any CPU
		{2B484707-6480-4BAA-89E7-E251276A7D44}.Release|iPhone.ActiveCfg = Release|Any CPU
		{2B484707-6480-4BAA-89E7-E251276A7D44}.Release|iPhone.Build.0 = Release|Any CPU
		{2B484707-6480-4BAA-89E7-E251276A7D44}.Release|iPhone.Deploy.0 = Release|Any CPU
		{2B484707-6480-4BAA-89E7-E251276A7D44}.Release|iPhoneSimulator.ActiveCfg = Release|Any CPU
		{2B484707-6480-4BAA-89E7-E251276A7D44}.Release|iPhoneSimulator.Build.0 = Release|Any CPU
		{2B484707-6480-4BAA-89E7-E251276A7D44}.Release|iPhoneSimulator.Deploy.0 = Release|Any CPU
		{3A6FFE84-EBA6-4E84-8E26-8456983E42DB}.Debug|Any CPU.ActiveCfg = Debug|iPhoneSimulator
		{3A6FFE84-EBA6-4E84-8E26-8456983E42DB}.Debug|Any CPU.Build.0 = Debug|iPhoneSimulator
		{3A6FFE84-EBA6-4E84-8E26-8456983E42DB}.Debug|iPhone.ActiveCfg = Debug|iPhone
		{3A6FFE84-EBA6-4E84-8E26-8456983E42DB}.Debug|iPhone.Build.0 = Debug|iPhone
		{3A6FFE84-EBA6-4E84-8E26-8456983E42DB}.Debug|iPhoneSimulator.ActiveCfg = Debug|iPhoneSimulator
		{3A6FFE84-EBA6-4E84-8E26-8456983E42DB}.Debug|iPhoneSimulator.Build.0 = Debug|iPhoneSimulator
		{3A6FFE84-EBA6-4E84-8E26-8456983E42DB}.Release|Any CPU.ActiveCfg = Release|iPhoneSimulator
		{3A6FFE84-EBA6-4E84-8E26-8456983E42DB}.Release|Any CPU.Build.0 = Release|iPhoneSimulator
		{3A6FFE84-EBA6-4E84-8E26-8456983E42DB}.Release|iPhone.ActiveCfg = Release|iPhone
		{3A6FFE84-EBA6-4E84-8E26-8456983E42DB}.Release|iPhone.Build.0 = Release|iPhone
		{3A6FFE84-EBA6-4E84-8E26-8456983E42DB}.Release|iPhoneSimulator.ActiveCfg = Release|iPhoneSimulator
		{3A6FFE84-EBA6-4E84-8E26-8456983E42DB}.Release|iPhoneSimulator.Build.0 = Release|iPhoneSimulator
		{579FF93F-6754-4B6D-AD78-BD940E7A2D30}.Debug|Any CPU.ActiveCfg = Debug|Any CPU
		{579FF93F-6754-4B6D-AD78-BD940E7A2D30}.Debug|Any CPU.Build.0 = Debug|Any CPU
		{579FF93F-6754-4B6D-AD78-BD940E7A2D30}.Debug|iPhone.ActiveCfg = Debug|Any CPU
		{579FF93F-6754-4B6D-AD78-BD940E7A2D30}.Debug|iPhone.Build.0 = Debug|Any CPU
		{579FF93F-6754-4B6D-AD78-BD940E7A2D30}.Debug|iPhoneSimulator.ActiveCfg = Debug|Any CPU
		{579FF93F-6754-4B6D-AD78-BD940E7A2D30}.Debug|iPhoneSimulator.Build.0 = Debug|Any CPU
		{579FF93F-6754-4B6D-AD78-BD940E7A2D30}.Release|Any CPU.ActiveCfg = Release|Any CPU
		{579FF93F-6754-4B6D-AD78-BD940E7A2D30}.Release|Any CPU.Build.0 = Release|Any CPU
		{579FF93F-6754-4B6D-AD78-BD940E7A2D30}.Release|iPhone.ActiveCfg = Release|Any CPU
		{579FF93F-6754-4B6D-AD78-BD940E7A2D30}.Release|iPhone.Build.0 = Release|Any CPU
		{579FF93F-6754-4B6D-AD78-BD940E7A2D30}.Release|iPhoneSimulator.ActiveCfg = Release|Any CPU
		{579FF93F-6754-4B6D-AD78-BD940E7A2D30}.Release|iPhoneSimulator.Build.0 = Release|Any CPU
		{71DA69D2-0072-4821-8056-32B49008A685}.Debug|Any CPU.ActiveCfg = Debug|Any CPU
		{71DA69D2-0072-4821-8056-32B49008A685}.Debug|Any CPU.Build.0 = Debug|Any CPU
		{71DA69D2-0072-4821-8056-32B49008A685}.Debug|Any CPU.Deploy.0 = Debug|Any CPU
		{71DA69D2-0072-4821-8056-32B49008A685}.Debug|iPhone.ActiveCfg = Debug|Any CPU
		{71DA69D2-0072-4821-8056-32B49008A685}.Debug|iPhone.Build.0 = Debug|Any CPU
		{71DA69D2-0072-4821-8056-32B49008A685}.Debug|iPhone.Deploy.0 = Debug|Any CPU
		{71DA69D2-0072-4821-8056-32B49008A685}.Debug|iPhoneSimulator.ActiveCfg = Debug|Any CPU
		{71DA69D2-0072-4821-8056-32B49008A685}.Debug|iPhoneSimulator.Build.0 = Debug|Any CPU
		{71DA69D2-0072-4821-8056-32B49008A685}.Debug|iPhoneSimulator.Deploy.0 = Debug|Any CPU
		{71DA69D2-0072-4821-8056-32B49008A685}.Release|Any CPU.ActiveCfg = Release|Any CPU
		{71DA69D2-0072-4821-8056-32B49008A685}.Release|Any CPU.Build.0 = Release|Any CPU
		{71DA69D2-0072-4821-8056-32B49008A685}.Release|Any CPU.Deploy.0 = Release|Any CPU
		{71DA69D2-0072-4821-8056-32B49008A685}.Release|iPhone.ActiveCfg = Release|Any CPU
		{71DA69D2-0072-4821-8056-32B49008A685}.Release|iPhone.Build.0 = Release|Any CPU
		{71DA69D2-0072-4821-8056-32B49008A685}.Release|iPhone.Deploy.0 = Release|Any CPU
		{71DA69D2-0072-4821-8056-32B49008A685}.Release|iPhoneSimulator.ActiveCfg = Release|Any CPU
		{71DA69D2-0072-4821-8056-32B49008A685}.Release|iPhoneSimulator.Build.0 = Release|Any CPU
		{71DA69D2-0072-4821-8056-32B49008A685}.Release|iPhoneSimulator.Deploy.0 = Release|Any CPU
		{906FED38-FBD4-4459-9107-2A8796F51D97}.Debug|Any CPU.ActiveCfg = Debug|iPhoneSimulator
		{906FED38-FBD4-4459-9107-2A8796F51D97}.Debug|Any CPU.Build.0 = Debug|iPhoneSimulator
		{906FED38-FBD4-4459-9107-2A8796F51D97}.Debug|iPhone.ActiveCfg = Debug|iPhone
		{906FED38-FBD4-4459-9107-2A8796F51D97}.Debug|iPhone.Build.0 = Debug|iPhone
		{906FED38-FBD4-4459-9107-2A8796F51D97}.Debug|iPhoneSimulator.ActiveCfg = Debug|iPhoneSimulator
		{906FED38-FBD4-4459-9107-2A8796F51D97}.Debug|iPhoneSimulator.Build.0 = Debug|iPhoneSimulator
		{906FED38-FBD4-4459-9107-2A8796F51D97}.Release|Any CPU.ActiveCfg = Release|iPhoneSimulator
		{906FED38-FBD4-4459-9107-2A8796F51D97}.Release|Any CPU.Build.0 = Release|iPhoneSimulator
		{906FED38-FBD4-4459-9107-2A8796F51D97}.Release|iPhone.ActiveCfg = Release|iPhone
		{906FED38-FBD4-4459-9107-2A8796F51D97}.Release|iPhone.Build.0 = Release|iPhone
		{906FED38-FBD4-4459-9107-2A8796F51D97}.Release|iPhoneSimulator.ActiveCfg = Release|iPhoneSimulator
		{906FED38-FBD4-4459-9107-2A8796F51D97}.Release|iPhoneSimulator.Build.0 = Release|iPhoneSimulator
		{D30F92AB-705F-4742-A213-0EA63B1FE7EC}.Debug|Any CPU.ActiveCfg = Debug|Any CPU
		{D30F92AB-705F-4742-A213-0EA63B1FE7EC}.Debug|Any CPU.Build.0 = Debug|Any CPU
		{D30F92AB-705F-4742-A213-0EA63B1FE7EC}.Debug|iPhone.ActiveCfg = Debug|Any CPU
		{D30F92AB-705F-4742-A213-0EA63B1FE7EC}.Debug|iPhone.Build.0 = Debug|Any CPU
		{D30F92AB-705F-4742-A213-0EA63B1FE7EC}.Debug|iPhoneSimulator.ActiveCfg = Debug|Any CPU
		{D30F92AB-705F-4742-A213-0EA63B1FE7EC}.Debug|iPhoneSimulator.Build.0 = Debug|Any CPU
		{D30F92AB-705F-4742-A213-0EA63B1FE7EC}.Release|Any CPU.ActiveCfg = Release|Any CPU
		{D30F92AB-705F-4742-A213-0EA63B1FE7EC}.Release|Any CPU.Build.0 = Release|Any CPU
		{D30F92AB-705F-4742-A213-0EA63B1FE7EC}.Release|iPhone.ActiveCfg = Release|Any CPU
		{D30F92AB-705F-4742-A213-0EA63B1FE7EC}.Release|iPhone.Build.0 = Release|Any CPU
		{D30F92AB-705F-4742-A213-0EA63B1FE7EC}.Release|iPhoneSimulator.ActiveCfg = Release|Any CPU
		{D30F92AB-705F-4742-A213-0EA63B1FE7EC}.Release|iPhoneSimulator.Build.0 = Release|Any CPU
		{7737574B-4AA8-412C-86B6-A8E5D56F2596}.Debug|Any CPU.ActiveCfg = Debug|Any CPU
		{7737574B-4AA8-412C-86B6-A8E5D56F2596}.Debug|Any CPU.Build.0 = Debug|Any CPU
		{7737574B-4AA8-412C-86B6-A8E5D56F2596}.Debug|Any CPU.Deploy.0 = Debug|Any CPU
		{7737574B-4AA8-412C-86B6-A8E5D56F2596}.Debug|iPhone.ActiveCfg = Debug|Any CPU
		{7737574B-4AA8-412C-86B6-A8E5D56F2596}.Debug|iPhone.Build.0 = Debug|Any CPU
		{7737574B-4AA8-412C-86B6-A8E5D56F2596}.Debug|iPhone.Deploy.0 = Debug|Any CPU
		{7737574B-4AA8-412C-86B6-A8E5D56F2596}.Debug|iPhoneSimulator.ActiveCfg = Debug|Any CPU
		{7737574B-4AA8-412C-86B6-A8E5D56F2596}.Debug|iPhoneSimulator.Build.0 = Debug|Any CPU
		{7737574B-4AA8-412C-86B6-A8E5D56F2596}.Debug|iPhoneSimulator.Deploy.0 = Debug|Any CPU
		{7737574B-4AA8-412C-86B6-A8E5D56F2596}.Release|Any CPU.ActiveCfg = Release|Any CPU
		{7737574B-4AA8-412C-86B6-A8E5D56F2596}.Release|Any CPU.Build.0 = Release|Any CPU
		{7737574B-4AA8-412C-86B6-A8E5D56F2596}.Release|Any CPU.Deploy.0 = Release|Any CPU
		{7737574B-4AA8-412C-86B6-A8E5D56F2596}.Release|iPhone.ActiveCfg = Release|Any CPU
		{7737574B-4AA8-412C-86B6-A8E5D56F2596}.Release|iPhone.Build.0 = Release|Any CPU
		{7737574B-4AA8-412C-86B6-A8E5D56F2596}.Release|iPhone.Deploy.0 = Release|Any CPU
		{7737574B-4AA8-412C-86B6-A8E5D56F2596}.Release|iPhoneSimulator.ActiveCfg = Release|Any CPU
		{7737574B-4AA8-412C-86B6-A8E5D56F2596}.Release|iPhoneSimulator.Build.0 = Release|Any CPU
		{7737574B-4AA8-412C-86B6-A8E5D56F2596}.Release|iPhoneSimulator.Deploy.0 = Release|Any CPU
		{86D35E6E-5D04-4A08-A5E3-A3EB7829E8E7}.Debug|Any CPU.ActiveCfg = Debug|iPhoneSimulator
		{86D35E6E-5D04-4A08-A5E3-A3EB7829E8E7}.Debug|Any CPU.Build.0 = Debug|iPhoneSimulator
		{86D35E6E-5D04-4A08-A5E3-A3EB7829E8E7}.Debug|iPhone.ActiveCfg = Debug|iPhone
		{86D35E6E-5D04-4A08-A5E3-A3EB7829E8E7}.Debug|iPhone.Build.0 = Debug|iPhone
		{86D35E6E-5D04-4A08-A5E3-A3EB7829E8E7}.Debug|iPhoneSimulator.ActiveCfg = Debug|iPhoneSimulator
		{86D35E6E-5D04-4A08-A5E3-A3EB7829E8E7}.Debug|iPhoneSimulator.Build.0 = Debug|iPhoneSimulator
		{86D35E6E-5D04-4A08-A5E3-A3EB7829E8E7}.Release|Any CPU.ActiveCfg = Release|iPhoneSimulator
		{86D35E6E-5D04-4A08-A5E3-A3EB7829E8E7}.Release|Any CPU.Build.0 = Release|iPhoneSimulator
		{86D35E6E-5D04-4A08-A5E3-A3EB7829E8E7}.Release|iPhone.ActiveCfg = Release|iPhone
		{86D35E6E-5D04-4A08-A5E3-A3EB7829E8E7}.Release|iPhone.Build.0 = Release|iPhone
		{86D35E6E-5D04-4A08-A5E3-A3EB7829E8E7}.Release|iPhoneSimulator.ActiveCfg = Release|iPhoneSimulator
		{86D35E6E-5D04-4A08-A5E3-A3EB7829E8E7}.Release|iPhoneSimulator.Build.0 = Release|iPhoneSimulator
		{738DCA33-1A89-4C2F-BA7B-A4660D7879C2}.Debug|Any CPU.ActiveCfg = Debug|Any CPU
		{738DCA33-1A89-4C2F-BA7B-A4660D7879C2}.Debug|Any CPU.Build.0 = Debug|Any CPU
		{738DCA33-1A89-4C2F-BA7B-A4660D7879C2}.Debug|iPhone.ActiveCfg = Debug|Any CPU
		{738DCA33-1A89-4C2F-BA7B-A4660D7879C2}.Debug|iPhone.Build.0 = Debug|Any CPU
		{738DCA33-1A89-4C2F-BA7B-A4660D7879C2}.Debug|iPhoneSimulator.ActiveCfg = Debug|Any CPU
		{738DCA33-1A89-4C2F-BA7B-A4660D7879C2}.Debug|iPhoneSimulator.Build.0 = Debug|Any CPU
		{738DCA33-1A89-4C2F-BA7B-A4660D7879C2}.Release|Any CPU.ActiveCfg = Release|Any CPU
		{738DCA33-1A89-4C2F-BA7B-A4660D7879C2}.Release|Any CPU.Build.0 = Release|Any CPU
		{738DCA33-1A89-4C2F-BA7B-A4660D7879C2}.Release|iPhone.ActiveCfg = Release|Any CPU
		{738DCA33-1A89-4C2F-BA7B-A4660D7879C2}.Release|iPhone.Build.0 = Release|Any CPU
		{738DCA33-1A89-4C2F-BA7B-A4660D7879C2}.Release|iPhoneSimulator.ActiveCfg = Release|Any CPU
		{738DCA33-1A89-4C2F-BA7B-A4660D7879C2}.Release|iPhoneSimulator.Build.0 = Release|Any CPU
	EndGlobalSection
	GlobalSection(SolutionProperties) = preSolution
		HideSolutionNode = FALSE
	EndGlobalSection
	GlobalSection(ExtensibilityGlobals) = postSolution
		SolutionGuid = {64B9536D-2F10-447E-998D-396E3095B459}
	EndGlobalSection
EndGlobal
